// !$*UTF8*$!
{
	archiveVersion = 1;
	classes = {
	};
	objectVersion = 55;
	objects = {

/* Begin PBXBuildFile section */
		8240BDD928AE92890054452F /* AppDelegate.swift in Sources */ = {isa = PBXBuildFile; fileRef = 8240BDD828AE92890054452F /* AppDelegate.swift */; };
		8240BDDB28AE92890054452F /* SceneDelegate.swift in Sources */ = {isa = PBXBuildFile; fileRef = 8240BDDA28AE92890054452F /* SceneDelegate.swift */; };
		8240BDDD28AE92890054452F /* ViewController.swift in Sources */ = {isa = PBXBuildFile; fileRef = 8240BDDC28AE92890054452F /* ViewController.swift */; };
		8240BDE028AE92890054452F /* Main.storyboard in Resources */ = {isa = PBXBuildFile; fileRef = 8240BDDE28AE92890054452F /* Main.storyboard */; };
		8240BDE228AE928E0054452F /* Assets.xcassets in Resources */ = {isa = PBXBuildFile; fileRef = 8240BDE128AE928E0054452F /* Assets.xcassets */; };
		8240BDE528AE928E0054452F /* LaunchScreen.storyboard in Resources */ = {isa = PBXBuildFile; fileRef = 8240BDE328AE928E0054452F /* LaunchScreen.storyboard */; };
		8240BDF028AE928E0054452F /* MusicMatchTests.swift in Sources */ = {isa = PBXBuildFile; fileRef = 8240BDEF28AE928E0054452F /* MusicMatchTests.swift */; };
		8240BDFA28AE928E0054452F /* MusicMatchUITests.swift in Sources */ = {isa = PBXBuildFile; fileRef = 8240BDF928AE928E0054452F /* MusicMatchUITests.swift */; };
		8240BDFC28AE928E0054452F /* MusicMatchUITestsLaunchTests.swift in Sources */ = {isa = PBXBuildFile; fileRef = 8240BDFB28AE928E0054452F /* MusicMatchUITestsLaunchTests.swift */; };
		8240BE1128AE9BB50054452F /* Constants.swift in Sources */ = {isa = PBXBuildFile; fileRef = 8240BE1028AE9BB50054452F /* Constants.swift */; };
		8240BE1428AEA2A50054452F /* SpotifyiOS.framework in Frameworks */ = {isa = PBXBuildFile; fileRef = 8240BE1328AEA2A50054452F /* SpotifyiOS.framework */; };
/* End PBXBuildFile section */

/* Begin PBXContainerItemProxy section */
		8240BDEC28AE928E0054452F /* PBXContainerItemProxy */ = {
			isa = PBXContainerItemProxy;
			containerPortal = 8240BDCD28AE92890054452F /* Project object */;
			proxyType = 1;
			remoteGlobalIDString = 8240BDD428AE92890054452F;
			remoteInfo = MusicMatch;
		};
		8240BDF628AE928E0054452F /* PBXContainerItemProxy */ = {
			isa = PBXContainerItemProxy;
			containerPortal = 8240BDCD28AE92890054452F /* Project object */;
			proxyType = 1;
			remoteGlobalIDString = 8240BDD428AE92890054452F;
			remoteInfo = MusicMatch;
		};
/* End PBXContainerItemProxy section */

/* Begin PBXFileReference section */
		8240BDD528AE92890054452F /* MusicMatch.app */ = {isa = PBXFileReference; explicitFileType = wrapper.application; includeInIndex = 0; path = MusicMatch.app; sourceTree = BUILT_PRODUCTS_DIR; };
		8240BDD828AE92890054452F /* AppDelegate.swift */ = {isa = PBXFileReference; lastKnownFileType = sourcecode.swift; path = AppDelegate.swift; sourceTree = "<group>"; };
		8240BDDA28AE92890054452F /* SceneDelegate.swift */ = {isa = PBXFileReference; lastKnownFileType = sourcecode.swift; path = SceneDelegate.swift; sourceTree = "<group>"; };
		8240BDDC28AE92890054452F /* ViewController.swift */ = {isa = PBXFileReference; lastKnownFileType = sourcecode.swift; path = ViewController.swift; sourceTree = "<group>"; };
		8240BDDF28AE92890054452F /* Base */ = {isa = PBXFileReference; lastKnownFileType = file.storyboard; name = Base; path = Base.lproj/Main.storyboard; sourceTree = "<group>"; };
		8240BDE128AE928E0054452F /* Assets.xcassets */ = {isa = PBXFileReference; lastKnownFileType = folder.assetcatalog; path = Assets.xcassets; sourceTree = "<group>"; };
		8240BDE428AE928E0054452F /* Base */ = {isa = PBXFileReference; lastKnownFileType = file.storyboard; name = Base; path = Base.lproj/LaunchScreen.storyboard; sourceTree = "<group>"; };
		8240BDE628AE928E0054452F /* Info.plist */ = {isa = PBXFileReference; lastKnownFileType = text.plist.xml; path = Info.plist; sourceTree = "<group>"; };
		8240BDEB28AE928E0054452F /* MusicMatchTests.xctest */ = {isa = PBXFileReference; explicitFileType = wrapper.cfbundle; includeInIndex = 0; path = MusicMatchTests.xctest; sourceTree = BUILT_PRODUCTS_DIR; };
		8240BDEF28AE928E0054452F /* MusicMatchTests.swift */ = {isa = PBXFileReference; lastKnownFileType = sourcecode.swift; path = MusicMatchTests.swift; sourceTree = "<group>"; };
		8240BDF528AE928E0054452F /* MusicMatchUITests.xctest */ = {isa = PBXFileReference; explicitFileType = wrapper.cfbundle; includeInIndex = 0; path = MusicMatchUITests.xctest; sourceTree = BUILT_PRODUCTS_DIR; };
		8240BDF928AE928E0054452F /* MusicMatchUITests.swift */ = {isa = PBXFileReference; lastKnownFileType = sourcecode.swift; path = MusicMatchUITests.swift; sourceTree = "<group>"; };
		8240BDFB28AE928E0054452F /* MusicMatchUITestsLaunchTests.swift */ = {isa = PBXFileReference; lastKnownFileType = sourcecode.swift; path = MusicMatchUITestsLaunchTests.swift; sourceTree = "<group>"; };
		8240BE0D28AE99630054452F /* MusicMatch-Bridging-Header.h */ = {isa = PBXFileReference; lastKnownFileType = sourcecode.c.h; path = "MusicMatch-Bridging-Header.h"; sourceTree = "<group>"; };
		8240BE1028AE9BB50054452F /* Constants.swift */ = {isa = PBXFileReference; lastKnownFileType = sourcecode.swift; path = Constants.swift; sourceTree = "<group>"; };
		8240BE1328AEA2A50054452F /* SpotifyiOS.framework */ = {isa = PBXFileReference; lastKnownFileType = wrapper.framework; name = SpotifyiOS.framework; path = MusicMatch/SpotifyiOS.framework; sourceTree = "<group>"; };
/* End PBXFileReference section */

/* Begin PBXFrameworksBuildPhase section */
		8240BDD228AE92890054452F /* Frameworks */ = {
			isa = PBXFrameworksBuildPhase;
			buildActionMask = 2147483647;
			files = (
				8240BE1428AEA2A50054452F /* SpotifyiOS.framework in Frameworks */,
			);
			runOnlyForDeploymentPostprocessing = 0;
		};
		8240BDE828AE928E0054452F /* Frameworks */ = {
			isa = PBXFrameworksBuildPhase;
			buildActionMask = 2147483647;
			files = (
			);
			runOnlyForDeploymentPostprocessing = 0;
		};
		8240BDF228AE928E0054452F /* Frameworks */ = {
			isa = PBXFrameworksBuildPhase;
			buildActionMask = 2147483647;
			files = (
			);
			runOnlyForDeploymentPostprocessing = 0;
		};
/* End PBXFrameworksBuildPhase section */

/* Begin PBXGroup section */
		8240BDCC28AE92890054452F = {
			isa = PBXGroup;
			children = (
				8240BDD728AE92890054452F /* MusicMatch */,
				8240BDD628AE92890054452F /* Products */,
				8240BE1228AEA2A50054452F /* Frameworks */,
			);
			sourceTree = "<group>";
		};
		8240BDD628AE92890054452F /* Products */ = {
			isa = PBXGroup;
			children = (
				8240BDD528AE92890054452F /* MusicMatch.app */,
				8240BDEB28AE928E0054452F /* MusicMatchTests.xctest */,
				8240BDF528AE928E0054452F /* MusicMatchUITests.xctest */,
			);
			name = Products;
			sourceTree = "<group>";
		};
		8240BDD728AE92890054452F /* MusicMatch */ = {
			isa = PBXGroup;
			children = (
				8240BDDE28AE92890054452F /* Main.storyboard */,
				8240BDDA28AE92890054452F /* SceneDelegate.swift */,
				8240BDDC28AE92890054452F /* ViewController.swift */,
				8240BE1028AE9BB50054452F /* Constants.swift */,
				8240BE0D28AE99630054452F /* MusicMatch-Bridging-Header.h */,
				8240BDE628AE928E0054452F /* Info.plist */,
				8240BE0A28AE98CE0054452F /* Files */,
			);
			path = MusicMatch;
			sourceTree = "<group>";
		};
		8240BDEE28AE928E0054452F /* MusicMatchTests */ = {
			isa = PBXGroup;
			children = (
				8240BDEF28AE928E0054452F /* MusicMatchTests.swift */,
			);
			path = MusicMatchTests;
			sourceTree = "<group>";
		};
		8240BDF828AE928E0054452F /* MusicMatchUITests */ = {
			isa = PBXGroup;
			children = (
				8240BDF928AE928E0054452F /* MusicMatchUITests.swift */,
				8240BDFB28AE928E0054452F /* MusicMatchUITestsLaunchTests.swift */,
			);
			path = MusicMatchUITests;
			sourceTree = "<group>";
		};
		8240BE0A28AE98CE0054452F /* Files */ = {
			isa = PBXGroup;
			children = (
				8240BDF828AE928E0054452F /* MusicMatchUITests */,
				8240BDEE28AE928E0054452F /* MusicMatchTests */,
				8240BDD828AE92890054452F /* AppDelegate.swift */,
				8240BDE128AE928E0054452F /* Assets.xcassets */,
				8240BDE328AE928E0054452F /* LaunchScreen.storyboard */,
			);
			name = Files;
			sourceTree = "<group>";
		};
		8240BE1228AEA2A50054452F /* Frameworks */ = {
			isa = PBXGroup;
			children = (
				8240BE1328AEA2A50054452F /* SpotifyiOS.framework */,
			);
			name = Frameworks;
			sourceTree = "<group>";
		};
/* End PBXGroup section */

/* Begin PBXNativeTarget section */
		8240BDD428AE92890054452F /* MusicMatch */ = {
			isa = PBXNativeTarget;
			buildConfigurationList = 8240BDFF28AE928E0054452F /* Build configuration list for PBXNativeTarget "MusicMatch" */;
			buildPhases = (
				8240BDD128AE92890054452F /* Sources */,
				8240BDD228AE92890054452F /* Frameworks */,
				8240BDD328AE92890054452F /* Resources */,
			);
			buildRules = (
			);
			dependencies = (
			);
			name = MusicMatch;
			productName = MusicMatch;
			productReference = 8240BDD528AE92890054452F /* MusicMatch.app */;
			productType = "com.apple.product-type.application";
		};
		8240BDEA28AE928E0054452F /* MusicMatchTests */ = {
			isa = PBXNativeTarget;
			buildConfigurationList = 8240BE0228AE928E0054452F /* Build configuration list for PBXNativeTarget "MusicMatchTests" */;
			buildPhases = (
				8240BDE728AE928E0054452F /* Sources */,
				8240BDE828AE928E0054452F /* Frameworks */,
				8240BDE928AE928E0054452F /* Resources */,
			);
			buildRules = (
			);
			dependencies = (
				8240BDED28AE928E0054452F /* PBXTargetDependency */,
			);
			name = MusicMatchTests;
			productName = MusicMatchTests;
			productReference = 8240BDEB28AE928E0054452F /* MusicMatchTests.xctest */;
			productType = "com.apple.product-type.bundle.unit-test";
		};
		8240BDF428AE928E0054452F /* MusicMatchUITests */ = {
			isa = PBXNativeTarget;
			buildConfigurationList = 8240BE0528AE928E0054452F /* Build configuration list for PBXNativeTarget "MusicMatchUITests" */;
			buildPhases = (
				8240BDF128AE928E0054452F /* Sources */,
				8240BDF228AE928E0054452F /* Frameworks */,
				8240BDF328AE928E0054452F /* Resources */,
			);
			buildRules = (
			);
			dependencies = (
				8240BDF728AE928E0054452F /* PBXTargetDependency */,
			);
			name = MusicMatchUITests;
			productName = MusicMatchUITests;
			productReference = 8240BDF528AE928E0054452F /* MusicMatchUITests.xctest */;
			productType = "com.apple.product-type.bundle.ui-testing";
		};
/* End PBXNativeTarget section */

/* Begin PBXProject section */
		8240BDCD28AE92890054452F /* Project object */ = {
			isa = PBXProject;
			attributes = {
				BuildIndependentTargetsInParallel = 1;
				LastSwiftUpdateCheck = 1340;
				LastUpgradeCheck = 1340;
				TargetAttributes = {
					8240BDD428AE92890054452F = {
						CreatedOnToolsVersion = 13.4.1;
						LastSwiftMigration = 1340;
					};
					8240BDEA28AE928E0054452F = {
						CreatedOnToolsVersion = 13.4.1;
						TestTargetID = 8240BDD428AE92890054452F;
					};
					8240BDF428AE928E0054452F = {
						CreatedOnToolsVersion = 13.4.1;
						TestTargetID = 8240BDD428AE92890054452F;
					};
				};
			};
			buildConfigurationList = 8240BDD028AE92890054452F /* Build configuration list for PBXProject "MusicMatch" */;
			compatibilityVersion = "Xcode 13.0";
			developmentRegion = en;
			hasScannedForEncodings = 0;
			knownRegions = (
				en,
				Base,
			);
			mainGroup = 8240BDCC28AE92890054452F;
			productRefGroup = 8240BDD628AE92890054452F /* Products */;
			projectDirPath = "";
			projectRoot = "";
			targets = (
				8240BDD428AE92890054452F /* MusicMatch */,
				8240BDEA28AE928E0054452F /* MusicMatchTests */,
				8240BDF428AE928E0054452F /* MusicMatchUITests */,
			);
		};
/* End PBXProject section */

/* Begin PBXResourcesBuildPhase section */
		8240BDD328AE92890054452F /* Resources */ = {
			isa = PBXResourcesBuildPhase;
			buildActionMask = 2147483647;
			files = (
				8240BDE528AE928E0054452F /* LaunchScreen.storyboard in Resources */,
				8240BDE228AE928E0054452F /* Assets.xcassets in Resources */,
				8240BDE028AE92890054452F /* Main.storyboard in Resources */,
			);
			runOnlyForDeploymentPostprocessing = 0;
		};
		8240BDE928AE928E0054452F /* Resources */ = {
			isa = PBXResourcesBuildPhase;
			buildActionMask = 2147483647;
			files = (
			);
			runOnlyForDeploymentPostprocessing = 0;
		};
		8240BDF328AE928E0054452F /* Resources */ = {
			isa = PBXResourcesBuildPhase;
			buildActionMask = 2147483647;
			files = (
			);
			runOnlyForDeploymentPostprocessing = 0;
		};
/* End PBXResourcesBuildPhase section */

/* Begin PBXSourcesBuildPhase section */
		8240BDD128AE92890054452F /* Sources */ = {
			isa = PBXSourcesBuildPhase;
			buildActionMask = 2147483647;
			files = (
				8240BDDD28AE92890054452F /* ViewController.swift in Sources */,
				8240BDD928AE92890054452F /* AppDelegate.swift in Sources */,
				8240BDDB28AE92890054452F /* SceneDelegate.swift in Sources */,
				8240BE1128AE9BB50054452F /* Constants.swift in Sources */,
			);
			runOnlyForDeploymentPostprocessing = 0;
		};
		8240BDE728AE928E0054452F /* Sources */ = {
			isa = PBXSourcesBuildPhase;
			buildActionMask = 2147483647;
			files = (
				8240BDF028AE928E0054452F /* MusicMatchTests.swift in Sources */,
			);
			runOnlyForDeploymentPostprocessing = 0;
		};
		8240BDF128AE928E0054452F /* Sources */ = {
			isa = PBXSourcesBuildPhase;
			buildActionMask = 2147483647;
			files = (
				8240BDFC28AE928E0054452F /* MusicMatchUITestsLaunchTests.swift in Sources */,
				8240BDFA28AE928E0054452F /* MusicMatchUITests.swift in Sources */,
			);
			runOnlyForDeploymentPostprocessing = 0;
		};
/* End PBXSourcesBuildPhase section */

/* Begin PBXTargetDependency section */
		8240BDED28AE928E0054452F /* PBXTargetDependency */ = {
			isa = PBXTargetDependency;
			target = 8240BDD428AE92890054452F /* MusicMatch */;
			targetProxy = 8240BDEC28AE928E0054452F /* PBXContainerItemProxy */;
		};
		8240BDF728AE928E0054452F /* PBXTargetDependency */ = {
			isa = PBXTargetDependency;
			target = 8240BDD428AE92890054452F /* MusicMatch */;
			targetProxy = 8240BDF628AE928E0054452F /* PBXContainerItemProxy */;
		};
/* End PBXTargetDependency section */

/* Begin PBXVariantGroup section */
		8240BDDE28AE92890054452F /* Main.storyboard */ = {
			isa = PBXVariantGroup;
			children = (
				8240BDDF28AE92890054452F /* Base */,
			);
			name = Main.storyboard;
			sourceTree = "<group>";
		};
		8240BDE328AE928E0054452F /* LaunchScreen.storyboard */ = {
			isa = PBXVariantGroup;
			children = (
				8240BDE428AE928E0054452F /* Base */,
			);
			name = LaunchScreen.storyboard;
			sourceTree = "<group>";
		};
/* End PBXVariantGroup section */

/* Begin XCBuildConfiguration section */
		8240BDFD28AE928E0054452F /* Debug */ = {
			isa = XCBuildConfiguration;
			buildSettings = {
				ALWAYS_SEARCH_USER_PATHS = NO;
				CLANG_ANALYZER_NONNULL = YES;
				CLANG_ANALYZER_NUMBER_OBJECT_CONVERSION = YES_AGGRESSIVE;
				CLANG_CXX_LANGUAGE_STANDARD = "gnu++17";
				CLANG_ENABLE_MODULES = YES;
				CLANG_ENABLE_OBJC_ARC = YES;
				CLANG_ENABLE_OBJC_WEAK = YES;
				CLANG_WARN_BLOCK_CAPTURE_AUTORELEASING = YES;
				CLANG_WARN_BOOL_CONVERSION = YES;
				CLANG_WARN_COMMA = YES;
				CLANG_WARN_CONSTANT_CONVERSION = YES;
				CLANG_WARN_DEPRECATED_OBJC_IMPLEMENTATIONS = YES;
				CLANG_WARN_DIRECT_OBJC_ISA_USAGE = YES_ERROR;
				CLANG_WARN_DOCUMENTATION_COMMENTS = YES;
				CLANG_WARN_EMPTY_BODY = YES;
				CLANG_WARN_ENUM_CONVERSION = YES;
				CLANG_WARN_INFINITE_RECURSION = YES;
				CLANG_WARN_INT_CONVERSION = YES;
				CLANG_WARN_NON_LITERAL_NULL_CONVERSION = YES;
				CLANG_WARN_OBJC_IMPLICIT_RETAIN_SELF = YES;
				CLANG_WARN_OBJC_LITERAL_CONVERSION = YES;
				CLANG_WARN_OBJC_ROOT_CLASS = YES_ERROR;
				CLANG_WARN_QUOTED_INCLUDE_IN_FRAMEWORK_HEADER = YES;
				CLANG_WARN_RANGE_LOOP_ANALYSIS = YES;
				CLANG_WARN_STRICT_PROTOTYPES = YES;
				CLANG_WARN_SUSPICIOUS_MOVE = YES;
				CLANG_WARN_UNGUARDED_AVAILABILITY = YES_AGGRESSIVE;
				CLANG_WARN_UNREACHABLE_CODE = YES;
				CLANG_WARN__DUPLICATE_METHOD_MATCH = YES;
				COPY_PHASE_STRIP = NO;
				DEBUG_INFORMATION_FORMAT = dwarf;
				ENABLE_STRICT_OBJC_MSGSEND = YES;
				ENABLE_TESTABILITY = YES;
				GCC_C_LANGUAGE_STANDARD = gnu11;
				GCC_DYNAMIC_NO_PIC = NO;
				GCC_NO_COMMON_BLOCKS = YES;
				GCC_OPTIMIZATION_LEVEL = 0;
				GCC_PREPROCESSOR_DEFINITIONS = (
					"DEBUG=1",
					"$(inherited)",
				);
				GCC_WARN_64_TO_32_BIT_CONVERSION = YES;
				GCC_WARN_ABOUT_RETURN_TYPE = YES_ERROR;
				GCC_WARN_UNDECLARED_SELECTOR = YES;
				GCC_WARN_UNINITIALIZED_AUTOS = YES_AGGRESSIVE;
				GCC_WARN_UNUSED_FUNCTION = YES;
				GCC_WARN_UNUSED_VARIABLE = YES;
				IPHONEOS_DEPLOYMENT_TARGET = 15.5;
				MTL_ENABLE_DEBUG_INFO = INCLUDE_SOURCE;
				MTL_FAST_MATH = YES;
				ONLY_ACTIVE_ARCH = YES;
				SDKROOT = iphoneos;
				SWIFT_ACTIVE_COMPILATION_CONDITIONS = DEBUG;
				SWIFT_OPTIMIZATION_LEVEL = "-Onone";
			};
			name = Debug;
		};
		8240BDFE28AE928E0054452F /* Release */ = {
			isa = XCBuildConfiguration;
			buildSettings = {
				ALWAYS_SEARCH_USER_PATHS = NO;
				CLANG_ANALYZER_NONNULL = YES;
				CLANG_ANALYZER_NUMBER_OBJECT_CONVERSION = YES_AGGRESSIVE;
				CLANG_CXX_LANGUAGE_STANDARD = "gnu++17";
				CLANG_ENABLE_MODULES = YES;
				CLANG_ENABLE_OBJC_ARC = YES;
				CLANG_ENABLE_OBJC_WEAK = YES;
				CLANG_WARN_BLOCK_CAPTURE_AUTORELEASING = YES;
				CLANG_WARN_BOOL_CONVERSION = YES;
				CLANG_WARN_COMMA = YES;
				CLANG_WARN_CONSTANT_CONVERSION = YES;
				CLANG_WARN_DEPRECATED_OBJC_IMPLEMENTATIONS = YES;
				CLANG_WARN_DIRECT_OBJC_ISA_USAGE = YES_ERROR;
				CLANG_WARN_DOCUMENTATION_COMMENTS = YES;
				CLANG_WARN_EMPTY_BODY = YES;
				CLANG_WARN_ENUM_CONVERSION = YES;
				CLANG_WARN_INFINITE_RECURSION = YES;
				CLANG_WARN_INT_CONVERSION = YES;
				CLANG_WARN_NON_LITERAL_NULL_CONVERSION = YES;
				CLANG_WARN_OBJC_IMPLICIT_RETAIN_SELF = YES;
				CLANG_WARN_OBJC_LITERAL_CONVERSION = YES;
				CLANG_WARN_OBJC_ROOT_CLASS = YES_ERROR;
				CLANG_WARN_QUOTED_INCLUDE_IN_FRAMEWORK_HEADER = YES;
				CLANG_WARN_RANGE_LOOP_ANALYSIS = YES;
				CLANG_WARN_STRICT_PROTOTYPES = YES;
				CLANG_WARN_SUSPICIOUS_MOVE = YES;
				CLANG_WARN_UNGUARDED_AVAILABILITY = YES_AGGRESSIVE;
				CLANG_WARN_UNREACHABLE_CODE = YES;
				CLANG_WARN__DUPLICATE_METHOD_MATCH = YES;
				COPY_PHASE_STRIP = NO;
				DEBUG_INFORMATION_FORMAT = "dwarf-with-dsym";
				ENABLE_NS_ASSERTIONS = NO;
				ENABLE_STRICT_OBJC_MSGSEND = YES;
				GCC_C_LANGUAGE_STANDARD = gnu11;
				GCC_NO_COMMON_BLOCKS = YES;
				GCC_WARN_64_TO_32_BIT_CONVERSION = YES;
				GCC_WARN_ABOUT_RETURN_TYPE = YES_ERROR;
				GCC_WARN_UNDECLARED_SELECTOR = YES;
				GCC_WARN_UNINITIALIZED_AUTOS = YES_AGGRESSIVE;
				GCC_WARN_UNUSED_FUNCTION = YES;
				GCC_WARN_UNUSED_VARIABLE = YES;
				IPHONEOS_DEPLOYMENT_TARGET = 15.5;
				MTL_ENABLE_DEBUG_INFO = NO;
				MTL_FAST_MATH = YES;
				SDKROOT = iphoneos;
				SWIFT_COMPILATION_MODE = wholemodule;
				SWIFT_OPTIMIZATION_LEVEL = "-O";
				VALIDATE_PRODUCT = YES;
			};
			name = Release;
		};
		8240BE0028AE928E0054452F /* Debug */ = {
			isa = XCBuildConfiguration;
			buildSettings = {
				ASSETCATALOG_COMPILER_APPICON_NAME = AppIcon;
				ASSETCATALOG_COMPILER_GLOBAL_ACCENT_COLOR_NAME = AccentColor;
				CLANG_ENABLE_MODULES = YES;
				CODE_SIGN_STYLE = Automatic;
				CURRENT_PROJECT_VERSION = 1;
				DEVELOPMENT_TEAM = UR545J8GKZ;
				FRAMEWORK_SEARCH_PATHS = (
					"$(inherited)",
					"$(PROJECT_DIR)/MusicMatch",
				);
				GENERATE_INFOPLIST_FILE = YES;
				INFOPLIST_FILE = MusicMatch/Info.plist;
				INFOPLIST_KEY_UIApplicationSupportsIndirectInputEvents = YES;
				INFOPLIST_KEY_UILaunchStoryboardName = LaunchScreen;
				INFOPLIST_KEY_UIMainStoryboardFile = Main;
				INFOPLIST_KEY_UISupportedInterfaceOrientations_iPad = "UIInterfaceOrientationPortrait UIInterfaceOrientationPortraitUpsideDown UIInterfaceOrientationLandscapeLeft UIInterfaceOrientationLandscapeRight";
				INFOPLIST_KEY_UISupportedInterfaceOrientations_iPhone = "UIInterfaceOrientationPortrait UIInterfaceOrientationLandscapeLeft UIInterfaceOrientationLandscapeRight";
				LD_RUNPATH_SEARCH_PATHS = (
					"$(inherited)",
					"@executable_path/Frameworks",
				);
				MARKETING_VERSION = 1.0;
				OTHER_LDFLAGS = "-ObjC";
				PRODUCT_BUNDLE_IDENTIFIER = com.CesarFuentes.MusicMatch;
				PRODUCT_NAME = "$(TARGET_NAME)";
				SWIFT_EMIT_LOC_STRINGS = YES;
				SWIFT_OBJC_BRIDGING_HEADER = "MusicMatch/MusicMatch-Bridging-Header.h";
				SWIFT_OPTIMIZATION_LEVEL = "-Onone";
				SWIFT_VERSION = 5.0;
				TARGETED_DEVICE_FAMILY = "1,2";
				USER_HEADER_SEARCH_PATHS = "${PROJECT_DIR}/lib";
			};
			name = Debug;
		};
		8240BE0128AE928E0054452F /* Release */ = {
			isa = XCBuildConfiguration;
			buildSettings = {
				ASSETCATALOG_COMPILER_APPICON_NAME = AppIcon;
				ASSETCATALOG_COMPILER_GLOBAL_ACCENT_COLOR_NAME = AccentColor;
				CLANG_ENABLE_MODULES = YES;
				CODE_SIGN_STYLE = Automatic;
				CURRENT_PROJECT_VERSION = 1;
				DEVELOPMENT_TEAM = UR545J8GKZ;
				FRAMEWORK_SEARCH_PATHS = (
					"$(inherited)",
					"$(PROJECT_DIR)/MusicMatch",
				);
				GENERATE_INFOPLIST_FILE = YES;
				INFOPLIST_FILE = MusicMatch/Info.plist;
				INFOPLIST_KEY_UIApplicationSupportsIndirectInputEvents = YES;
				INFOPLIST_KEY_UILaunchStoryboardName = LaunchScreen;
				INFOPLIST_KEY_UIMainStoryboardFile = Main;
				INFOPLIST_KEY_UISupportedInterfaceOrientations_iPad = "UIInterfaceOrientationPortrait UIInterfaceOrientationPortraitUpsideDown UIInterfaceOrientationLandscapeLeft UIInterfaceOrientationLandscapeRight";
				INFOPLIST_KEY_UISupportedInterfaceOrientations_iPhone = "UIInterfaceOrientationPortrait UIInterfaceOrientationLandscapeLeft UIInterfaceOrientationLandscapeRight";
				LD_RUNPATH_SEARCH_PATHS = (
					"$(inherited)",
					"@executable_path/Frameworks",
				);
				MARKETING_VERSION = 1.0;
				OTHER_LDFLAGS = "-ObjC";
				PRODUCT_BUNDLE_IDENTIFIER = com.CesarFuentes.MusicMatch;
				PRODUCT_NAME = "$(TARGET_NAME)";
				SWIFT_EMIT_LOC_STRINGS = YES;
				SWIFT_OBJC_BRIDGING_HEADER = "MusicMatch/MusicMatch-Bridging-Header.h";
				SWIFT_VERSION = 5.0;
				TARGETED_DEVICE_FAMILY = "1,2";
				USER_HEADER_SEARCH_PATHS = "${PROJECT_DIR}/lib";
			};
			name = Release;
		};
		8240BE0328AE928E0054452F /* Debug */ = {
			isa = XCBuildConfiguration;
			buildSettings = {
				ALWAYS_EMBED_SWIFT_STANDARD_LIBRARIES = YES;
				BUNDLE_LOADER = "$(TEST_HOST)";
				CODE_SIGN_STYLE = Automatic;
				CURRENT_PROJECT_VERSION = 1;
				DEVELOPMENT_TEAM = UR545J8GKZ;
				GENERATE_INFOPLIST_FILE = YES;
				IPHONEOS_DEPLOYMENT_TARGET = 15.5;
				MARKETING_VERSION = 1.0;
				PRODUCT_BUNDLE_IDENTIFIER = com.CesarFuentes.MusicMatchTests;
				PRODUCT_NAME = "$(TARGET_NAME)";
				SWIFT_EMIT_LOC_STRINGS = NO;
				SWIFT_VERSION = 5.0;
				TARGETED_DEVICE_FAMILY = "1,2";
				TEST_HOST = "$(BUILT_PRODUCTS_DIR)/MusicMatch.app/MusicMatch";
			};
			name = Debug;
		};
		8240BE0428AE928E0054452F /* Release */ = {
			isa = XCBuildConfiguration;
			buildSettings = {
				ALWAYS_EMBED_SWIFT_STANDARD_LIBRARIES = YES;
				BUNDLE_LOADER = "$(TEST_HOST)";
				CODE_SIGN_STYLE = Automatic;
				CURRENT_PROJECT_VERSION = 1;
				DEVELOPMENT_TEAM = UR545J8GKZ;
				GENERATE_INFOPLIST_FILE = YES;
				IPHONEOS_DEPLOYMENT_TARGET = 15.5;
				MARKETING_VERSION = 1.0;
				PRODUCT_BUNDLE_IDENTIFIER = com.CesarFuentes.MusicMatchTests;
				PRODUCT_NAME = "$(TARGET_NAME)";
				SWIFT_EMIT_LOC_STRINGS = NO;
				SWIFT_VERSION = 5.0;
				TARGETED_DEVICE_FAMILY = "1,2";
				TEST_HOST = "$(BUILT_PRODUCTS_DIR)/MusicMatch.app/MusicMatch";
			};
			name = Release;
		};
		8240BE0628AE928E0054452F /* Debug */ = {
			isa = XCBuildConfiguration;
			buildSettings = {
				ALWAYS_EMBED_SWIFT_STANDARD_LIBRARIES = YES;
				CODE_SIGN_STYLE = Automatic;
				CURRENT_PROJECT_VERSION = 1;
				DEVELOPMENT_TEAM = UR545J8GKZ;
				GENERATE_INFOPLIST_FILE = YES;
				MARKETING_VERSION = 1.0;
				PRODUCT_BUNDLE_IDENTIFIER = com.CesarFuentes.MusicMatchUITests;
				PRODUCT_NAME = "$(TARGET_NAME)";
				SWIFT_EMIT_LOC_STRINGS = NO;
				SWIFT_VERSION = 5.0;
				TARGETED_DEVICE_FAMILY = "1,2";
				TEST_TARGET_NAME = MusicMatch;
			};
			name = Debug;
		};
		8240BE0728AE928E0054452F /* Release */ = {
			isa = XCBuildConfiguration;
			buildSettings = {
				ALWAYS_EMBED_SWIFT_STANDARD_LIBRARIES = YES;
				CODE_SIGN_STYLE = Automatic;
				CURRENT_PROJECT_VERSION = 1;
				DEVELOPMENT_TEAM = UR545J8GKZ;
				GENERATE_INFOPLIST_FILE = YES;
				MARKETING_VERSION = 1.0;
				PRODUCT_BUNDLE_IDENTIFIER = com.CesarFuentes.MusicMatchUITests;
				PRODUCT_NAME = "$(TARGET_NAME)";
				SWIFT_EMIT_LOC_STRINGS = NO;
				SWIFT_VERSION = 5.0;
				TARGETED_DEVICE_FAMILY = "1,2";
				TEST_TARGET_NAME = MusicMatch;
			};
			name = Release;
		};
/* End XCBuildConfiguration section */

/* Begin XCConfigurationList section */
		8240BDD028AE92890054452F /* Build configuration list for PBXProject "MusicMatch" */ = {
			isa = XCConfigurationList;
			buildConfigurations = (
				8240BDFD28AE928E0054452F /* Debug */,
				8240BDFE28AE928E0054452F /* Release */,
			);
			defaultConfigurationIsVisible = 0;
			defaultConfigurationName = Release;
		};
		8240BDFF28AE928E0054452F /* Build configuration list for PBXNativeTarget "MusicMatch" */ = {
			isa = XCConfigurationList;
			buildConfigurations = (
				8240BE0028AE928E0054452F /* Debug */,
				8240BE0128AE928E0054452F /* Release */,
			);
			defaultConfigurationIsVisible = 0;
			defaultConfigurationName = Release;
		};
		8240BE0228AE928E0054452F /* Build configuration list for PBXNativeTarget "MusicMatchTests" */ = {
			isa = XCConfigurationList;
			buildConfigurations = (
				8240BE0328AE928E0054452F /* Debug */,
				8240BE0428AE928E0054452F /* Release */,
			);
			defaultConfigurationIsVisible = 0;
			defaultConfigurationName = Release;
		};
		8240BE0528AE928E0054452F /* Build configuration list for PBXNativeTarget "MusicMatchUITests" */ = {
			isa = XCConfigurationList;
			buildConfigurations = (
				8240BE0628AE928E0054452F /* Debug */,
				8240BE0728AE928E0054452F /* Release */,
			);
			defaultConfigurationIsVisible = 0;
			defaultConfigurationName = Release;
		};
/* End XCConfigurationList section */
	};
	rootObject = 8240BDCD28AE92890054452F /* Project object */;
}
